
Microsoft Visual Studio Solution File, Format Version 12.00
# Visual Studio 15
Project("{FAE04EC0-301F-11D3-BF4B-00C04F79EFBC}") = "UniHumanoid", "UniHumanoid.csproj", "{26158DD8-6992-B4B7-010A-78DB7C71C22B}"
EndProject
Project("{FAE04EC0-301F-11D3-BF4B-00C04F79EFBC}") = "UniGLTF.Editor", "UniGLTF.Editor.csproj", "{2F679552-CBE1-58AC-B55C-4C4E4CFB001F}"
EndProject
Project("{FAE04EC0-301F-11D3-BF4B-00C04F79EFBC}") = "UniGLTF", "UniGLTF.csproj", "{D132118D-A234-9323-605C-5D6BF3D1F9A4}"
EndProject
Project("{FAE04EC0-301F-11D3-BF4B-00C04F79EFBC}") = "UniVRM.Editor", "UniVRM.Editor.csproj", "{435B8E68-CF97-1605-36C3-847C6A5E23E4}"
EndProject
Project("{FAE04EC0-301F-11D3-BF4B-00C04F79EFBC}") = "VRM", "VRM.csproj", "{5DC00C0E-70DD-ED34-8DDE-F7F396DE7FBD}"
EndProject
Project("{FAE04EC0-301F-11D3-BF4B-00C04F79EFBC}") = "Assembly-CSharp", "Assembly-CSharp.csproj", "{0498CE61-2613-C1F4-C66C-CA60A7ED4D57}"
EndProject
Project("{FAE04EC0-301F-11D3-BF4B-00C04F79EFBC}") = "MToon.Editor", "MToon.Editor.csproj", "{5C015E93-2246-87D1-5281-0F287DE02EF1}"
EndProject
Project("{FAE04EC0-301F-11D3-BF4B-00C04F79EFBC}") = "UniGLTF.Tests", "UniGLTF.Tests.csproj", "{07795AA2-9D65-E6CB-0421-88D5928D6333}"
EndProject
Project("{FAE04EC0-301F-11D3-BF4B-00C04F79EFBC}") = "SpringBoneJobs", "SpringBoneJobs.csproj", "{C7AABDC6-92DC-793C-3667-EB8453AE3278}"
EndProject
Project("{FAE04EC0-301F-11D3-BF4B-00C04F79EFBC}") = "Assembly-CSharp-Editor", "Assembly-CSharp-Editor.csproj", "{82DFB3BB-51A6-8D76-24A0-A8876DB42C74}"
EndProject
Project("{FAE04EC0-301F-11D3-BF4B-00C04F79EFBC}") = "UniGLTF.Utils", "UniGLTF.Utils.csproj", "{79AE607E-AEC4-D2BD-D8B5-8D8C93FDB369}"
EndProject
Project("{FAE04EC0-301F-11D3-BF4B-00C04F79EFBC}") = "VRM.Samples.Editor.Tests", "VRM.Samples.Editor.Tests.csproj", "{16DED118-8263-C1E7-C271-F9976F69F42B}"
EndProject
Project("{FAE04EC0-301F-11D3-BF4B-00C04F79EFBC}") = "MToon", "MToon.csproj", "{8DD608B1-FD3A-6538-BEC9-1C7B0D45BECD}"
EndProject
Project("{FAE04EC0-301F-11D3-BF4B-00C04F79EFBC}") = "VRM.Tests", "VRM.Tests.csproj", "{51BCB5FF-FD64-9EEC-8EBA-89739DE310CB}"
EndProject
Project("{FAE04EC0-301F-11D3-BF4B-00C04F79EFBC}") = "UniHumanoid.Editor", "UniHumanoid.Editor.csproj", "{5FCA2BDC-BE34-0BD3-DE4B-FF72302E7B46}"
EndProject
Project("{FAE04EC0-301F-11D3-BF4B-00C04F79EFBC}") = "UniGLTF.UniUnlit", "UniGLTF.UniUnlit.csproj", "{29045BE6-E629-9793-824B-DADBFA399DFC}"
EndProject
Project("{FAE04EC0-301F-11D3-BF4B-00C04F79EFBC}") = "UniGLTF.UniUnlit.Editor", "UniGLTF.UniUnlit.Editor.csproj", "{3FA9E2D4-833E-5975-AB54-D0C611DF6F23}"
EndProject
Project("{FAE04EC0-301F-11D3-BF4B-00C04F79EFBC}") = "UniHumanoid.Editor.Tests", "UniHumanoid.Editor.Tests.csproj", "{1C9C12C5-F7F8-EF88-5367-D0D40BDFB25B}"
EndProject
Global
	GlobalSection(SolutionConfigurationPlatforms) = preSolution
		Debug|Any CPU = Debug|Any CPU
		Release|Any CPU = Release|Any CPU
	EndGlobalSection
	GlobalSection(ProjectConfigurationPlatforms) = postSolution
		{26158DD8-6992-B4B7-010A-78DB7C71C22B}.Debug|Any CPU.ActiveCfg = Debug|Any CPU
		{26158DD8-6992-B4B7-010A-78DB7C71C22B}.Debug|Any CPU.Build.0 = Debug|Any CPU
		{26158DD8-6992-B4B7-010A-78DB7C71C22B}.Release|Any CPU.ActiveCfg = Release|Any CPU
		{26158DD8-6992-B4B7-010A-78DB7C71C22B}.Release|Any CPU.Build.0 = Release|Any CPU
		{2F679552-CBE1-58AC-B55C-4C4E4CFB001F}.Debug|Any CPU.ActiveCfg = Debug|Any CPU
		{2F679552-CBE1-58AC-B55C-4C4E4CFB001F}.Debug|Any CPU.Build.0 = Debug|Any CPU
		{2F679552-CBE1-58AC-B55C-4C4E4CFB001F}.Release|Any CPU.ActiveCfg = Release|Any CPU
		{2F679552-CBE1-58AC-B55C-4C4E4CFB001F}.Release|Any CPU.Build.0 = Release|Any CPU
		{D132118D-A234-9323-605C-5D6BF3D1F9A4}.Debug|Any CPU.ActiveCfg = Debug|Any CPU
		{D132118D-A234-9323-605C-5D6BF3D1F9A4}.Debug|Any CPU.Build.0 = Debug|Any CPU
		{D132118D-A234-9323-605C-5D6BF3D1F9A4}.Release|Any CPU.ActiveCfg = Release|Any CPU
		{D132118D-A234-9323-605C-5D6BF3D1F9A4}.Release|Any CPU.Build.0 = Release|Any CPU
		{435B8E68-CF97-1605-36C3-847C6A5E23E4}.Debug|Any CPU.ActiveCfg = Debug|Any CPU
		{435B8E68-CF97-1605-36C3-847C6A5E23E4}.Debug|Any CPU.Build.0 = Debug|Any CPU
		{435B8E68-CF97-1605-36C3-847C6A5E23E4}.Release|Any CPU.ActiveCfg = Release|Any CPU
		{435B8E68-CF97-1605-36C3-847C6A5E23E4}.Release|Any CPU.Build.0 = Release|Any CPU
		{5DC00C0E-70DD-ED34-8DDE-F7F396DE7FBD}.Debug|Any CPU.ActiveCfg = Debug|Any CPU
		{5DC00C0E-70DD-ED34-8DDE-F7F396DE7FBD}.Debug|Any CPU.Build.0 = Debug|Any CPU
		{5DC00C0E-70DD-ED34-8DDE-F7F396DE7FBD}.Release|Any CPU.ActiveCfg = Release|Any CPU
		{5DC00C0E-70DD-ED34-8DDE-F7F396DE7FBD}.Release|Any CPU.Build.0 = Release|Any CPU
		{0498CE61-2613-C1F4-C66C-CA60A7ED4D57}.Debug|Any CPU.ActiveCfg = Debug|Any CPU
		{0498CE61-2613-C1F4-C66C-CA60A7ED4D57}.Debug|Any CPU.Build.0 = Debug|Any CPU
		{0498CE61-2613-C1F4-C66C-CA60A7ED4D57}.Release|Any CPU.ActiveCfg = Release|Any CPU
		{0498CE61-2613-C1F4-C66C-CA60A7ED4D57}.Release|Any CPU.Build.0 = Release|Any CPU
		{5C015E93-2246-87D1-5281-0F287DE02EF1}.Debug|Any CPU.ActiveCfg = Debug|Any CPU
		{5C015E93-2246-87D1-5281-0F287DE02EF1}.Debug|Any CPU.Build.0 = Debug|Any CPU
		{5C015E93-2246-87D1-5281-0F287DE02EF1}.Release|Any CPU.ActiveCfg = Release|Any CPU
		{5C015E93-2246-87D1-5281-0F287DE02EF1}.Release|Any CPU.Build.0 = Release|Any CPU
		{07795AA2-9D65-E6CB-0421-88D5928D6333}.Debug|Any CPU.ActiveCfg = Debug|Any CPU
		{07795AA2-9D65-E6CB-0421-88D5928D6333}.Debug|Any CPU.Build.0 = Debug|Any CPU
		{07795AA2-9D65-E6CB-0421-88D5928D6333}.Release|Any CPU.ActiveCfg = Release|Any CPU
		{07795AA2-9D65-E6CB-0421-88D5928D6333}.Release|Any CPU.Build.0 = Release|Any CPU
		{C7AABDC6-92DC-793C-3667-EB8453AE3278}.Debug|Any CPU.ActiveCfg = Debug|Any CPU
		{C7AABDC6-92DC-793C-3667-EB8453AE3278}.Debug|Any CPU.Build.0 = Debug|Any CPU
		{C7AABDC6-92DC-793C-3667-EB8453AE3278}.Release|Any CPU.ActiveCfg = Release|Any CPU
		{C7AABDC6-92DC-793C-3667-EB8453AE3278}.Release|Any CPU.Build.0 = Release|Any CPU
		{82DFB3BB-51A6-8D76-24A0-A8876DB42C74}.Debug|Any CPU.ActiveCfg = Debug|Any CPU
		{82DFB3BB-51A6-8D76-24A0-A8876DB42C74}.Debug|Any CPU.Build.0 = Debug|Any CPU
		{82DFB3BB-51A6-8D76-24A0-A8876DB42C74}.Release|Any CPU.ActiveCfg = Release|Any CPU
		{82DFB3BB-51A6-8D76-24A0-A8876DB42C74}.Release|Any CPU.Build.0 = Release|Any CPU
		{79AE607E-AEC4-D2BD-D8B5-8D8C93FDB369}.Debug|Any CPU.ActiveCfg = Debug|Any CPU
		{79AE607E-AEC4-D2BD-D8B5-8D8C93FDB369}.Debug|Any CPU.Build.0 = Debug|Any CPU
		{79AE607E-AEC4-D2BD-D8B5-8D8C93FDB369}.Release|Any CPU.ActiveCfg = Release|Any CPU
		{79AE607E-AEC4-D2BD-D8B5-8D8C93FDB369}.Release|Any CPU.Build.0 = Release|Any CPU
		{16DED118-8263-C1E7-C271-F9976F69F42B}.Debug|Any CPU.ActiveCfg = Debug|Any CPU
		{16DED118-8263-C1E7-C271-F9976F69F42B}.Debug|Any CPU.Build.0 = Debug|Any CPU
		{16DED118-8263-C1E7-C271-F9976F69F42B}.Release|Any CPU.ActiveCfg = Release|Any CPU
		{16DED118-8263-C1E7-C271-F9976F69F42B}.Release|Any CPU.Build.0 = Release|Any CPU
		{8DD608B1-FD3A-6538-BEC9-1C7B0D45BECD}.Debug|Any CPU.ActiveCfg = Debug|Any CPU
		{8DD608B1-FD3A-6538-BEC9-1C7B0D45BECD}.Debug|Any CPU.Build.0 = Debug|Any CPU
		{8DD608B1-FD3A-6538-BEC9-1C7B0D45BECD}.Release|Any CPU.ActiveCfg = Release|Any CPU
		{8DD608B1-FD3A-6538-BEC9-1C7B0D45BECD}.Release|Any CPU.Build.0 = Release|Any CPU
		{51BCB5FF-FD64-9EEC-8EBA-89739DE310CB}.Debug|Any CPU.ActiveCfg = Debug|Any CPU
		{51BCB5FF-FD64-9EEC-8EBA-89739DE310CB}.Debug|Any CPU.Build.0 = Debug|Any CPU
		{51BCB5FF-FD64-9EEC-8EBA-89739DE310CB}.Release|Any CPU.ActiveCfg = Release|Any CPU
		{51BCB5FF-FD64-9EEC-8EBA-89739DE310CB}.Release|Any CPU.Build.0 = Release|Any CPU
		{5FCA2BDC-BE34-0BD3-DE4B-FF72302E7B46}.Debug|Any CPU.ActiveCfg = Debug|Any CPU
		{5FCA2BDC-BE34-0BD3-DE4B-FF72302E7B46}.Debug|Any CPU.Build.0 = Debug|Any CPU
		{5FCA2BDC-BE34-0BD3-DE4B-FF72302E7B46}.Release|Any CPU.ActiveCfg = Release|Any CPU
		{5FCA2BDC-BE34-0BD3-DE4B-FF72302E7B46}.Release|Any CPU.Build.0 = Release|Any CPU
		{29045BE6-E629-9793-824B-DADBFA399DFC}.Debug|Any CPU.ActiveCfg = Debug|Any CPU
		{29045BE6-E629-9793-824B-DADBFA399DFC}.Debug|Any CPU.Build.0 = Debug|Any CPU
		{29045BE6-E629-9793-824B-DADBFA399DFC}.Release|Any CPU.ActiveCfg = Release|Any CPU
		{29045BE6-E629-9793-824B-DADBFA399DFC}.Release|Any CPU.Build.0 = Release|Any CPU
		{3FA9E2D4-833E-5975-AB54-D0C611DF6F23}.Debug|Any CPU.ActiveCfg = Debug|Any CPU
		{3FA9E2D4-833E-5975-AB54-D0C611DF6F23}.Debug|Any CPU.Build.0 = Debug|Any CPU
		{3FA9E2D4-833E-5975-AB54-D0C611DF6F23}.Release|Any CPU.ActiveCfg = Release|Any CPU
		{3FA9E2D4-833E-5975-AB54-D0C611DF6F23}.Release|Any CPU.Build.0 = Release|Any CPU
		{1C9C12C5-F7F8-EF88-5367-D0D40BDFB25B}.Debug|Any CPU.ActiveCfg = Debug|Any CPU
		{1C9C12C5-F7F8-EF88-5367-D0D40BDFB25B}.Debug|Any CPU.Build.0 = Debug|Any CPU
		{1C9C12C5-F7F8-EF88-5367-D0D40BDFB25B}.Release|Any CPU.ActiveCfg = Release|Any CPU
		{1C9C12C5-F7F8-EF88-5367-D0D40BDFB25B}.Release|Any CPU.Build.0 = Release|Any CPU
	EndGlobalSection
	GlobalSection(SolutionProperties) = preSolution
		HideSolutionNode = FALSE
	EndGlobalSection
EndGlobal
